<?xml version="1.0" encoding="utf-8"?>
<Project ToolsVersion="4.0" xmlns="http://schemas.microsoft.com/developer/msbuild/2003">
  <ItemGroup>
    <ClCompile Include="main.cpp" />
    <ClCompile Include="server.cpp" />
  </ItemGroup>
  <ItemGroup>
    <None Include="CasparCG.ico" />
    <None Include="casparcg.config" />
  </ItemGroup>
  <ItemGroup>
    <ClInclude Include="resource.h" />
    <ClInclude Include="server.h" />
  </ItemGroup>
  <ItemGroup>
    <ResourceCompile Include="shell.rc" />
  </ItemGroup>
</Project>