<?xml version="1.0" encoding="utf-8"?>
<Project ToolsVersion="4.0" xmlns="http://schemas.microsoft.com/developer/msbuild/2003">
  <ItemGroup>
    <Filter Include="Source">
      <UniqueIdentifier>{d4a5c843-0e41-4d98-9056-b7f0de0d49a7}</UniqueIdentifier>
    </Filter>
    <Filter Include="Source\renderer">
      <UniqueIdentifier>{f7f271e6-1741-4d8e-8903-73f6b6363ef4}</UniqueIdentifier>
    </Filter>
    <Filter Include="Source\mock">
      <UniqueIdentifier>{420ab80e-66c8-477b-b8c6-d8f4ceb08102}</UniqueIdentifier>
    </Filter>
  </ItemGroup>
  <ItemGroup>
    <ClCompile Include="main.cpp">
      <Filter>Source</Filter>
    </ClCompile>
    <ClCompile Include="renderer\layer_test.cpp">
      <Filter>Source\renderer</Filter>
    </ClCompile>
  </ItemGroup>
  <ItemGroup>
    <ClInclude Include="mock\mock_frame_producer.h">
      <Filter>Source\mock</Filter>
    </ClInclude>
  </ItemGroup>
</Project>