<?xml version="1.0" encoding="utf-8"?>
<Project ToolsVersion="4.0" xmlns="http://schemas.microsoft.com/developer/msbuild/2003">
  <ItemGroup>
    <Filter Include="Source">
      <UniqueIdentifier>{d4a5c843-0e41-4d98-9056-b7f0de0d49a7}</UniqueIdentifier>
    </Filter>
    <Filter Include="Source\renderer">
      <UniqueIdentifier>{f7f271e6-1741-4d8e-8903-73f6b6363ef4}</UniqueIdentifier>
    </Filter>
    <Filter Include="Source\mock">
      <UniqueIdentifier>{420ab80e-66c8-477b-b8c6-d8f4ceb08102}</UniqueIdentifier>
    </Filter>
    <Filter Include="Source\producer">
      <UniqueIdentifier>{2d766f33-578d-40a7-a018-8a0a8b031e08}</UniqueIdentifier>
    </Filter>
    <Filter Include="Source\producer\transition">
      <UniqueIdentifier>{cb38fc85-f618-4461-94bf-d7eff61b49fe}</UniqueIdentifier>
    </Filter>
  </ItemGroup>
  <ItemGroup>
    <ClCompile Include="main.cpp">
      <Filter>Source</Filter>
    </ClCompile>
    <ClCompile Include="renderer\layer_test.cpp">
      <Filter>Source\renderer</Filter>
    </ClCompile>
    <ClCompile Include="producer\transition\transition_producer_test.cpp">
      <Filter>Source\producer\transition</Filter>
    </ClCompile>
  </ItemGroup>
  <ItemGroup>
    <ClInclude Include="mock\mock_frame_producer.h">
      <Filter>Source\mock</Filter>
    </ClInclude>
    <ClInclude Include="mock\mock_frame.h">
      <Filter>Source\mock</Filter>
    </ClInclude>
    <ClInclude Include="mock\mock_frame_factory.h">
      <Filter>Source\mock</Filter>
    </ClInclude>
  </ItemGroup>
</Project>