
Microsoft Visual Studio Solution File, Format Version 11.00
# Visual Studio 2010
Project("{8BC9CEB8-8B4A-11D0-8D11-00A0C91BC942}") = "core", "core\core.vcxproj", "{79388C20-6499-4BF6-B8B9-D8C33D7D4DDD}"
EndProject
Project("{8BC9CEB8-8B4A-11D0-8D11-00A0C91BC942}") = "shell", "shell\shell.vcxproj", "{8C26C94F-8092-4769-8D84-DEA479721C5B}"
EndProject
Project("{8BC9CEB8-8B4A-11D0-8D11-00A0C91BC942}") = "protocol", "protocol\protocol.vcxproj", "{2040B361-1FB6-488E-84A5-38A580DA90DE}"
EndProject
Project("{2150E333-8FDC-42A3-9474-1A3956D46DE8}") = "documentation", "documentation", "{32079541-68ED-4319-91FB-0FF041642679}"
	ProjectSection(SolutionItems) = preProject
		COPYING.txt = COPYING.txt
		README.txt = README.txt
	EndProjectSection
EndProject
Project("{2150E333-8FDC-42A3-9474-1A3956D46DE8}") = "modules", "modules", "{C54DA43E-4878-45DB-B76D-35970553672C}"
EndProject
Project("{8BC9CEB8-8B4A-11D0-8D11-00A0C91BC942}") = "bluefish", "modules\bluefish\bluefish.vcxproj", "{69313D25-9F54-4FC9-9872-628A4DD79464}"
EndProject
Project("{8BC9CEB8-8B4A-11D0-8D11-00A0C91BC942}") = "decklink", "modules\decklink\decklink.vcxproj", "{D3611658-8F54-43CF-B9AF-A5CF8C1102EA}"
EndProject
Project("{8BC9CEB8-8B4A-11D0-8D11-00A0C91BC942}") = "ffmpeg", "modules\ffmpeg\ffmpeg.vcxproj", "{F6223AF3-BE0B-4B61-8406-98922CE521C2}"
EndProject
Project("{8BC9CEB8-8B4A-11D0-8D11-00A0C91BC942}") = "flash", "modules\flash\flash.vcxproj", "{816DEABA-3757-4306-AFE0-C27CF96C4DEA}"
EndProject
Project("{8BC9CEB8-8B4A-11D0-8D11-00A0C91BC942}") = "oal", "modules\oal\oal.vcxproj", "{82ED7ED6-8A15-40EC-A8AF-F5E712E0DA68}"
EndProject
Project("{8BC9CEB8-8B4A-11D0-8D11-00A0C91BC942}") = "ogl", "modules\ogl\ogl.vcxproj", "{88F974F0-D09F-4788-8CF8-F563209E60C1}"
EndProject
Project("{8BC9CEB8-8B4A-11D0-8D11-00A0C91BC942}") = "image", "modules\image\image.vcxproj", "{3E11FF65-A9DA-4F80-87F2-A7C6379ED5E2}"
EndProject
Project("{8BC9CEB8-8B4A-11D0-8D11-00A0C91BC942}") = "common", "common\common.vcxproj", "{02308602-7FE0-4253-B96E-22134919F56A}"
EndProject
Global
	GlobalSection(SubversionScc) = preSolution
		Svn-Managed = True
		Manager = AnkhSVN - Subversion Support for Visual Studio
	EndGlobalSection
	GlobalSection(SolutionConfigurationPlatforms) = preSolution
		Debug|x64 = Debug|x64
		Develop|x64 = Develop|x64
		Profile|x64 = Profile|x64
		Release|x64 = Release|x64
	EndGlobalSection
	GlobalSection(ProjectConfigurationPlatforms) = postSolution
		{79388C20-6499-4BF6-B8B9-D8C33D7D4DDD}.Debug|x64.ActiveCfg = Debug|x64
		{79388C20-6499-4BF6-B8B9-D8C33D7D4DDD}.Debug|x64.Build.0 = Debug|x64
		{79388C20-6499-4BF6-B8B9-D8C33D7D4DDD}.Develop|x64.ActiveCfg = Develop|x64
		{79388C20-6499-4BF6-B8B9-D8C33D7D4DDD}.Develop|x64.Build.0 = Develop|x64
		{79388C20-6499-4BF6-B8B9-D8C33D7D4DDD}.Profile|x64.ActiveCfg = Profile|x64
		{79388C20-6499-4BF6-B8B9-D8C33D7D4DDD}.Profile|x64.Build.0 = Profile|x64
		{79388C20-6499-4BF6-B8B9-D8C33D7D4DDD}.Release|x64.ActiveCfg = Release|x64
		{79388C20-6499-4BF6-B8B9-D8C33D7D4DDD}.Release|x64.Build.0 = Release|x64
		{8C26C94F-8092-4769-8D84-DEA479721C5B}.Debug|x64.ActiveCfg = Debug|x64
		{8C26C94F-8092-4769-8D84-DEA479721C5B}.Debug|x64.Build.0 = Debug|x64
		{8C26C94F-8092-4769-8D84-DEA479721C5B}.Develop|x64.ActiveCfg = Develop|x64
		{8C26C94F-8092-4769-8D84-DEA479721C5B}.Develop|x64.Build.0 = Develop|x64
		{8C26C94F-8092-4769-8D84-DEA479721C5B}.Profile|x64.ActiveCfg = Profile|x64
		{8C26C94F-8092-4769-8D84-DEA479721C5B}.Profile|x64.Build.0 = Profile|x64
		{8C26C94F-8092-4769-8D84-DEA479721C5B}.Release|x64.ActiveCfg = Release|x64
		{8C26C94F-8092-4769-8D84-DEA479721C5B}.Release|x64.Build.0 = Release|x64
		{2040B361-1FB6-488E-84A5-38A580DA90DE}.Debug|x64.ActiveCfg = Debug|x64
		{2040B361-1FB6-488E-84A5-38A580DA90DE}.Debug|x64.Build.0 = Debug|x64
		{2040B361-1FB6-488E-84A5-38A580DA90DE}.Develop|x64.ActiveCfg = Develop|x64
		{2040B361-1FB6-488E-84A5-38A580DA90DE}.Develop|x64.Build.0 = Develop|x64
		{2040B361-1FB6-488E-84A5-38A580DA90DE}.Profile|x64.ActiveCfg = Profile|x64
		{2040B361-1FB6-488E-84A5-38A580DA90DE}.Profile|x64.Build.0 = Profile|x64
		{2040B361-1FB6-488E-84A5-38A580DA90DE}.Release|x64.ActiveCfg = Release|x64
		{2040B361-1FB6-488E-84A5-38A580DA90DE}.Release|x64.Build.0 = Release|x64
		{69313D25-9F54-4FC9-9872-628A4DD79464}.Debug|x64.ActiveCfg = Debug|x64
		{69313D25-9F54-4FC9-9872-628A4DD79464}.Debug|x64.Build.0 = Debug|x64
		{69313D25-9F54-4FC9-9872-628A4DD79464}.Develop|x64.ActiveCfg = Develop|Win32
		{69313D25-9F54-4FC9-9872-628A4DD79464}.Profile|x64.ActiveCfg = Profile|Win32
		{69313D25-9F54-4FC9-9872-628A4DD79464}.Release|x64.ActiveCfg = Release|Win32
		{D3611658-8F54-43CF-B9AF-A5CF8C1102EA}.Debug|x64.ActiveCfg = Debug|x64
		{D3611658-8F54-43CF-B9AF-A5CF8C1102EA}.Debug|x64.Build.0 = Debug|x64
		{D3611658-8F54-43CF-B9AF-A5CF8C1102EA}.Develop|x64.ActiveCfg = Develop|Win32
		{D3611658-8F54-43CF-B9AF-A5CF8C1102EA}.Profile|x64.ActiveCfg = Profile|Win32
		{D3611658-8F54-43CF-B9AF-A5CF8C1102EA}.Release|x64.ActiveCfg = Release|Win32
		{F6223AF3-BE0B-4B61-8406-98922CE521C2}.Debug|x64.ActiveCfg = Debug|x64
		{F6223AF3-BE0B-4B61-8406-98922CE521C2}.Debug|x64.Build.0 = Debug|x64
		{F6223AF3-BE0B-4B61-8406-98922CE521C2}.Develop|x64.ActiveCfg = Develop|Win32
		{F6223AF3-BE0B-4B61-8406-98922CE521C2}.Profile|x64.ActiveCfg = Profile|Win32
		{F6223AF3-BE0B-4B61-8406-98922CE521C2}.Release|x64.ActiveCfg = Release|Win32
		{816DEABA-3757-4306-AFE0-C27CF96C4DEA}.Debug|x64.ActiveCfg = Debug|x64
		{816DEABA-3757-4306-AFE0-C27CF96C4DEA}.Debug|x64.Build.0 = Debug|x64
		{816DEABA-3757-4306-AFE0-C27CF96C4DEA}.Develop|x64.ActiveCfg = Develop|Win32
		{816DEABA-3757-4306-AFE0-C27CF96C4DEA}.Profile|x64.ActiveCfg = Profile|Win32
		{816DEABA-3757-4306-AFE0-C27CF96C4DEA}.Release|x64.ActiveCfg = Release|Win32
		{82ED7ED6-8A15-40EC-A8AF-F5E712E0DA68}.Debug|x64.ActiveCfg = Debug|x64
		{82ED7ED6-8A15-40EC-A8AF-F5E712E0DA68}.Debug|x64.Build.0 = Debug|x64
		{82ED7ED6-8A15-40EC-A8AF-F5E712E0DA68}.Develop|x64.ActiveCfg = Develop|Win32
		{82ED7ED6-8A15-40EC-A8AF-F5E712E0DA68}.Profile|x64.ActiveCfg = Profile|Win32
		{82ED7ED6-8A15-40EC-A8AF-F5E712E0DA68}.Release|x64.ActiveCfg = Release|Win32
		{88F974F0-D09F-4788-8CF8-F563209E60C1}.Debug|x64.ActiveCfg = Debug|x64
		{88F974F0-D09F-4788-8CF8-F563209E60C1}.Debug|x64.Build.0 = Debug|x64
		{88F974F0-D09F-4788-8CF8-F563209E60C1}.Develop|x64.ActiveCfg = Develop|Win32
		{88F974F0-D09F-4788-8CF8-F563209E60C1}.Profile|x64.ActiveCfg = Profile|Win32
		{88F974F0-D09F-4788-8CF8-F563209E60C1}.Release|x64.ActiveCfg = Release|Win32
		{3E11FF65-A9DA-4F80-87F2-A7C6379ED5E2}.Debug|x64.ActiveCfg = Debug|x64
		{3E11FF65-A9DA-4F80-87F2-A7C6379ED5E2}.Debug|x64.Build.0 = Debug|x64
		{3E11FF65-A9DA-4F80-87F2-A7C6379ED5E2}.Develop|x64.ActiveCfg = Develop|Win32
		{3E11FF65-A9DA-4F80-87F2-A7C6379ED5E2}.Profile|x64.ActiveCfg = Profile|Win32
		{3E11FF65-A9DA-4F80-87F2-A7C6379ED5E2}.Release|x64.ActiveCfg = Release|Win32
		{02308602-7FE0-4253-B96E-22134919F56A}.Debug|x64.ActiveCfg = Debug|x64
		{02308602-7FE0-4253-B96E-22134919F56A}.Debug|x64.Build.0 = Debug|x64
		{02308602-7FE0-4253-B96E-22134919F56A}.Develop|x64.ActiveCfg = Develop|x64
		{02308602-7FE0-4253-B96E-22134919F56A}.Develop|x64.Build.0 = Develop|x64
		{02308602-7FE0-4253-B96E-22134919F56A}.Profile|x64.ActiveCfg = Profile|x64
		{02308602-7FE0-4253-B96E-22134919F56A}.Profile|x64.Build.0 = Profile|x64
		{02308602-7FE0-4253-B96E-22134919F56A}.Release|x64.ActiveCfg = Release|x64
		{02308602-7FE0-4253-B96E-22134919F56A}.Release|x64.Build.0 = Release|x64
	EndGlobalSection
	GlobalSection(SolutionProperties) = preSolution
		HideSolutionNode = FALSE
	EndGlobalSection
	GlobalSection(NestedProjects) = preSolution
		{69313D25-9F54-4FC9-9872-628A4DD79464} = {C54DA43E-4878-45DB-B76D-35970553672C}
		{D3611658-8F54-43CF-B9AF-A5CF8C1102EA} = {C54DA43E-4878-45DB-B76D-35970553672C}
		{F6223AF3-BE0B-4B61-8406-98922CE521C2} = {C54DA43E-4878-45DB-B76D-35970553672C}
		{816DEABA-3757-4306-AFE0-C27CF96C4DEA} = {C54DA43E-4878-45DB-B76D-35970553672C}
		{82ED7ED6-8A15-40EC-A8AF-F5E712E0DA68} = {C54DA43E-4878-45DB-B76D-35970553672C}
		{88F974F0-D09F-4788-8CF8-F563209E60C1} = {C54DA43E-4878-45DB-B76D-35970553672C}
		{3E11FF65-A9DA-4F80-87F2-A7C6379ED5E2} = {C54DA43E-4878-45DB-B76D-35970553672C}
	EndGlobalSection
EndGlobal
