
Microsoft Visual Studio Solution File, Format Version 11.00
# Visual Studio 2010
Project("{8BC9CEB8-8B4A-11D0-8D11-00A0C91BC942}") = "common", "common\common.vcxproj", "{02308602-7FE0-4253-B96E-22134919F56A}"
EndProject
Project("{8BC9CEB8-8B4A-11D0-8D11-00A0C91BC942}") = "core", "server\core.vcxproj", "{79388C20-6499-4BF6-B8B9-D8C33D7D4DDD}"
EndProject
Global
	GlobalSection(SubversionScc) = preSolution
		Svn-Managed = True
		Manager = AnkhSVN - Subversion Support for Visual Studio
	EndGlobalSection
	GlobalSection(SolutionConfigurationPlatforms) = preSolution
		Debug|Win32 = Debug|Win32
		Release|Win32 = Release|Win32
	EndGlobalSection
	GlobalSection(ProjectConfigurationPlatforms) = postSolution
		{02308602-7FE0-4253-B96E-22134919F56A}.Debug|Win32.ActiveCfg = Debug|Win32
		{02308602-7FE0-4253-B96E-22134919F56A}.Debug|Win32.Build.0 = Debug|Win32
		{02308602-7FE0-4253-B96E-22134919F56A}.Release|Win32.ActiveCfg = Release|Win32
		{02308602-7FE0-4253-B96E-22134919F56A}.Release|Win32.Build.0 = Release|Win32
		{79388C20-6499-4BF6-B8B9-D8C33D7D4DDD}.Debug|Win32.ActiveCfg = Debug|Win32
		{79388C20-6499-4BF6-B8B9-D8C33D7D4DDD}.Debug|Win32.Build.0 = Debug|Win32
		{79388C20-6499-4BF6-B8B9-D8C33D7D4DDD}.Release|Win32.ActiveCfg = Release|Win32
		{79388C20-6499-4BF6-B8B9-D8C33D7D4DDD}.Release|Win32.Build.0 = Release|Win32
	EndGlobalSection
	GlobalSection(SolutionProperties) = preSolution
		HideSolutionNode = FALSE
	EndGlobalSection
EndGlobal
