<?xml version="1.0" encoding="utf-8"?>
<Project ToolsVersion="4.0" xmlns="http://schemas.microsoft.com/developer/msbuild/2003">
  <ItemGroup>
    <Filter Include="source">
      <UniqueIdentifier>{3bfec261-0108-4128-80ab-794afa5f2226}</UniqueIdentifier>
    </Filter>
    <Filter Include="source\util">
      <UniqueIdentifier>{ac6eb3ad-c1d7-4bae-a03d-b1fd752a0305}</UniqueIdentifier>
    </Filter>
    <Filter Include="source\clk">
      <UniqueIdentifier>{9ed5b10f-d494-4460-b868-e36357b3e04d}</UniqueIdentifier>
    </Filter>
    <Filter Include="source\cii">
      <UniqueIdentifier>{abb11aa5-fa66-4e76-8ea6-38f01f6e7dff}</UniqueIdentifier>
    </Filter>
    <Filter Include="source\amcp">
      <UniqueIdentifier>{93331f26-581b-4d15-81a6-0aae31ad3958}</UniqueIdentifier>
    </Filter>
    <Filter Include="source\osc">
      <UniqueIdentifier>{c42b1c65-4f93-4cde-a3d2-e403f599142b}</UniqueIdentifier>
    </Filter>
    <Filter Include="source\osc\oscpack">
      <UniqueIdentifier>{d6dede65-7a93-4494-aa2d-d18d5267902c}</UniqueIdentifier>
    </Filter>
  </ItemGroup>
  <ItemGroup>
    <ClInclude Include="amcp\AMCPCommand.h">
      <Filter>source\amcp</Filter>
    </ClInclude>
    <ClInclude Include="amcp\AMCPProtocolStrategy.h">
      <Filter>source\amcp</Filter>
    </ClInclude>
    <ClInclude Include="amcp\AMCPCommandQueue.h">
      <Filter>source\amcp</Filter>
    </ClInclude>
    <ClInclude Include="amcp\AMCPCommandsImpl.h">
      <Filter>source\amcp</Filter>
    </ClInclude>
    <ClInclude Include="util\AsyncEventServer.h">
      <Filter>source\util</Filter>
    </ClInclude>
    <ClInclude Include="cii\CIICommand.h">
      <Filter>source\cii</Filter>
    </ClInclude>
    <ClInclude Include="cii\CIIProtocolStrategy.h">
      <Filter>source\cii</Filter>
    </ClInclude>
    <ClInclude Include="cii\CIICommandsImpl.h">
      <Filter>source\cii</Filter>
    </ClInclude>
    <ClInclude Include="clk\CLKProtocolStrategy.h">
      <Filter>source\clk</Filter>
    </ClInclude>
    <ClInclude Include="util\ClientInfo.h">
      <Filter>source\util</Filter>
    </ClInclude>
    <ClInclude Include="util\ProtocolStrategy.h">
      <Filter>source\util</Filter>
    </ClInclude>
    <ClInclude Include="StdAfx.h" />
    <ClInclude Include="osc\oscpack\OscHostEndianness.h">
      <Filter>source\osc\oscpack</Filter>
    </ClInclude>
    <ClInclude Include="osc\oscpack\OscOutboundPacketStream.h">
      <Filter>source\osc\oscpack</Filter>
    </ClInclude>
    <ClInclude Include="osc\oscpack\OscPacketListener.h">
      <Filter>source\osc\oscpack</Filter>
    </ClInclude>
    <ClInclude Include="osc\oscpack\OscPrintReceivedElements.h">
      <Filter>source\osc\oscpack</Filter>
    </ClInclude>
    <ClInclude Include="osc\oscpack\OscReceivedElements.h">
      <Filter>source\osc\oscpack</Filter>
    </ClInclude>
    <ClInclude Include="osc\oscpack\OscTypes.h">
      <Filter>source\osc\oscpack</Filter>
    </ClInclude>
    <ClInclude Include="osc\oscpack\MessageMappingOscPacketListener.h">
      <Filter>source\osc\oscpack</Filter>
    </ClInclude>
    <ClInclude Include="osc\oscpack\OscException.h">
      <Filter>source\osc\oscpack</Filter>
    </ClInclude>
    <ClInclude Include="osc\server.h">
      <Filter>source\osc</Filter>
    </ClInclude>
    <ClInclude Include="clk\clk_command_processor.h">
      <Filter>source\clk</Filter>
    </ClInclude>
    <ClInclude Include="clk\clk_commands.h">
      <Filter>source\clk</Filter>
    </ClInclude>
    <ClInclude Include="util\protocol_strategy.h">
      <Filter>source\util</Filter>
    </ClInclude>
    <ClInclude Include="util\strategy_adapters.h">
      <Filter>source\util</Filter>
    </ClInclude>
  </ItemGroup>
  <ItemGroup>
    <ClCompile Include="amcp\AMCPCommandQueue.cpp">
      <Filter>source\amcp</Filter>
    </ClCompile>
    <ClCompile Include="amcp\AMCPCommandsImpl.cpp">
      <Filter>source\amcp</Filter>
    </ClCompile>
    <ClCompile Include="amcp\AMCPProtocolStrategy.cpp">
      <Filter>source\amcp</Filter>
    </ClCompile>
    <ClCompile Include="util\AsyncEventServer.cpp">
      <Filter>source\util</Filter>
    </ClCompile>
    <ClCompile Include="cii\CIICommandsImpl.cpp">
      <Filter>source\cii</Filter>
    </ClCompile>
    <ClCompile Include="cii\CIIProtocolStrategy.cpp">
      <Filter>source\cii</Filter>
    </ClCompile>
    <ClCompile Include="clk\CLKProtocolStrategy.cpp">
      <Filter>source\clk</Filter>
    </ClCompile>
    <ClCompile Include="StdAfx.cpp" />
    <ClCompile Include="osc\oscpack\OscOutboundPacketStream.cpp">
      <Filter>source\osc\oscpack</Filter>
    </ClCompile>
    <ClCompile Include="osc\oscpack\OscPrintReceivedElements.cpp">
      <Filter>source\osc\oscpack</Filter>
    </ClCompile>
    <ClCompile Include="osc\oscpack\OscReceivedElements.cpp">
      <Filter>source\osc\oscpack</Filter>
    </ClCompile>
    <ClCompile Include="osc\oscpack\OscTypes.cpp">
      <Filter>source\osc\oscpack</Filter>
    </ClCompile>
    <ClCompile Include="osc\server.cpp">
      <Filter>source\osc</Filter>
    </ClCompile>
    <ClCompile Include="clk\clk_command_processor.cpp">
      <Filter>source\clk</Filter>
    </ClCompile>
    <ClCompile Include="clk\clk_commands.cpp">
      <Filter>source\clk</Filter>
    </ClCompile>
    <ClCompile Include="util\strategy_adapters.cpp">
      <Filter>source\util</Filter>
    </ClCompile>
  </ItemGroup>
</Project>