<?xml version="1.0" encoding="utf-8"?>
<Project ToolsVersion="4.0" xmlns="http://schemas.microsoft.com/developer/msbuild/2003">
  <ItemGroup>
    <Filter Include="Source Files">
      <UniqueIdentifier>{4FC737F1-C7A5-4376-A066-2A32D752A2FF}</UniqueIdentifier>
      <Extensions>cpp;c;cc;cxx;def;odl;idl;hpj;bat;asm;asmx;h;hpp</Extensions>
    </Filter>
    <Filter Include="Source Files\util">
      <UniqueIdentifier>{b4cafe48-3157-4e24-804a-b78e6e135f7a}</UniqueIdentifier>
    </Filter>
  </ItemGroup>
  <ItemGroup>
    <ClCompile Include="util\bigendian_file_input_stream.cpp">
      <Filter>Source Files\util</Filter>
    </ClCompile>
    <ClCompile Include="descriptor.cpp">
      <Filter>Source Files</Filter>
    </ClCompile>
    <ClCompile Include="doc.cpp">
      <Filter>Source Files</Filter>
    </ClCompile>
    <ClCompile Include="layer.cpp">
      <Filter>Source Files</Filter>
    </ClCompile>
    <ClCompile Include="misc.cpp">
      <Filter>Source Files</Filter>
    </ClCompile>
    <ClCompile Include="resource.cpp">
      <Filter>Source Files</Filter>
    </ClCompile>
    <ClCompile Include="util\pdf_reader.cpp">
      <Filter>Source Files\util</Filter>
    </ClCompile>
    <ClCompile Include="psd_scene_producer.cpp">
      <Filter>Source Files</Filter>
    </ClCompile>
  </ItemGroup>
  <ItemGroup>
    <ClInclude Include="util\bigendian_file_input_stream.h">
      <Filter>Source Files\util</Filter>
    </ClInclude>
    <ClInclude Include="resource.h">
      <Filter>Source Files</Filter>
    </ClInclude>
    <ClInclude Include="channel.h">
      <Filter>Source Files</Filter>
    </ClInclude>
    <ClInclude Include="descriptor.h">
      <Filter>Source Files</Filter>
    </ClInclude>
    <ClInclude Include="doc.h">
      <Filter>Source Files</Filter>
    </ClInclude>
    <ClInclude Include="image.h">
      <Filter>Source Files</Filter>
    </ClInclude>
    <ClInclude Include="layer.h">
      <Filter>Source Files</Filter>
    </ClInclude>
    <ClInclude Include="misc.h">
      <Filter>Source Files</Filter>
    </ClInclude>
    <ClInclude Include="util\pdf_reader.h">
      <Filter>Source Files\util</Filter>
    </ClInclude>
    <ClInclude Include="psd_scene_producer.h">
      <Filter>Source Files</Filter>
    </ClInclude>
  </ItemGroup>
</Project>