<?xml version="1.0" encoding="utf-8"?>
<Project ToolsVersion="4.0" xmlns="http://schemas.microsoft.com/developer/msbuild/2003">
  <ItemGroup>
    <Filter Include="source">
      <UniqueIdentifier>{34e95782-44c6-42ea-9eb3-ef56fa1f8068}</UniqueIdentifier>
    </Filter>
    <Filter Include="source\ogl">
      <UniqueIdentifier>{dbb5f22a-c188-4ab8-af04-3ec2b12d2e27}</UniqueIdentifier>
    </Filter>
    <Filter Include="source\cpu">
      <UniqueIdentifier>{51a1672a-ca14-4c53-819d-ba8fbedc01da}</UniqueIdentifier>
    </Filter>
    <Filter Include="source\cpu\image">
      <UniqueIdentifier>{aff9c695-a032-4348-b6df-beeba5140232}</UniqueIdentifier>
    </Filter>
    <Filter Include="source\ogl\image">
      <UniqueIdentifier>{2c25c424-afd1-4f90-847b-33c0d407be84}</UniqueIdentifier>
    </Filter>
    <Filter Include="source\ogl\util">
      <UniqueIdentifier>{7cda2be5-ffba-43b9-8aa9-3afcc106d569}</UniqueIdentifier>
    </Filter>
    <Filter Include="source\cpu\util">
      <UniqueIdentifier>{06a3568b-8213-4a87-8a22-19537441daad}</UniqueIdentifier>
    </Filter>
  </ItemGroup>
  <ItemGroup>
    <ClInclude Include="StdAfx.h" />
    <ClInclude Include="ogl\image\image_mixer.h">
      <Filter>source\ogl\image</Filter>
    </ClInclude>
    <ClInclude Include="ogl\image\image_shader.h">
      <Filter>source\ogl\image</Filter>
    </ClInclude>
    <ClInclude Include="ogl\image\blending_glsl.h">
      <Filter>source\ogl\image</Filter>
    </ClInclude>
    <ClInclude Include="ogl\image\image_kernel.h">
      <Filter>source\ogl\image</Filter>
    </ClInclude>
    <ClInclude Include="ogl\util\shader.h">
      <Filter>source\ogl\util</Filter>
    </ClInclude>
    <ClInclude Include="cpu\image\image_mixer.h">
      <Filter>source\cpu\image</Filter>
    </ClInclude>
    <ClInclude Include="cpu\util\xmm.h">
      <Filter>source\cpu\util</Filter>
    </ClInclude>
    <ClInclude Include="accelerator.h">
      <Filter>source</Filter>
    </ClInclude>
    <ClInclude Include="ogl\util\device.h">
      <Filter>source\ogl\util</Filter>
    </ClInclude>
    <ClInclude Include="ogl\util\texture.h">
      <Filter>source\ogl\util</Filter>
    </ClInclude>
    <ClInclude Include="ogl\util\buffer.h">
      <Filter>source\ogl\util</Filter>
    </ClInclude>
  </ItemGroup>
  <ItemGroup>
    <ClCompile Include="StdAfx.cpp" />
    <ClCompile Include="ogl\image\image_mixer.cpp">
      <Filter>source\ogl\image</Filter>
    </ClCompile>
    <ClCompile Include="ogl\image\image_shader.cpp">
      <Filter>source\ogl\image</Filter>
    </ClCompile>
    <ClCompile Include="ogl\image\image_kernel.cpp">
      <Filter>source\ogl\image</Filter>
    </ClCompile>
    <ClCompile Include="ogl\util\shader.cpp">
      <Filter>source\ogl\util</Filter>
    </ClCompile>
    <ClCompile Include="cpu\image\image_mixer.cpp">
      <Filter>source\cpu\image</Filter>
    </ClCompile>
    <ClCompile Include="accelerator.cpp">
      <Filter>source</Filter>
    </ClCompile>
    <ClCompile Include="ogl\util\device.cpp">
      <Filter>source\ogl\util</Filter>
    </ClCompile>
    <ClCompile Include="ogl\util\texture.cpp">
      <Filter>source\ogl\util</Filter>
    </ClCompile>
    <ClCompile Include="ogl\util\buffer.cpp">
      <Filter>source\ogl\util</Filter>
    </ClCompile>
  </ItemGroup>
</Project>