<?xml version="1.0" encoding="utf-8"?>
<Project ToolsVersion="4.0" xmlns="http://schemas.microsoft.com/developer/msbuild/2003">
  <ItemGroup>
    <Filter Include="audio">
      <UniqueIdentifier>{ad4b4d9e-2c3d-48fb-977f-edce86b653e1}</UniqueIdentifier>
    </Filter>
    <Filter Include="frame">
      <UniqueIdentifier>{d42d9881-e19e-4128-91dd-5b7279c2b5e5}</UniqueIdentifier>
    </Filter>
    <Filter Include="gpu">
      <UniqueIdentifier>{3c5b1ceb-6788-4278-98cc-0c5865cda30a}</UniqueIdentifier>
    </Filter>
    <Filter Include="image">
      <UniqueIdentifier>{54ed246e-98e3-4544-bfbb-71912a901e8e}</UniqueIdentifier>
    </Filter>
  </ItemGroup>
  <ItemGroup>
    <ClCompile Include="audio\audio_transform.cpp">
      <Filter>audio</Filter>
    </ClCompile>
    <ClCompile Include="audio\audio_mixer.cpp">
      <Filter>audio</Filter>
    </ClCompile>
    <ClCompile Include="gpu\host_buffer.cpp">
      <Filter>gpu</Filter>
    </ClCompile>
    <ClCompile Include="gpu\ogl_device.cpp">
      <Filter>gpu</Filter>
    </ClCompile>
    <ClCompile Include="gpu\device_buffer.cpp">
      <Filter>gpu</Filter>
    </ClCompile>
    <ClCompile Include="frame\read_frame.cpp">
      <Filter>frame</Filter>
    </ClCompile>
    <ClCompile Include="frame\write_frame.cpp">
      <Filter>frame</Filter>
    </ClCompile>
    <ClCompile Include="frame_mixer_device.cpp" />
    <ClCompile Include="StdAfx.cpp" />
    <ClCompile Include="image\image_kernel.cpp">
      <Filter>image</Filter>
    </ClCompile>
    <ClCompile Include="image\image_mixer.cpp">
      <Filter>image</Filter>
    </ClCompile>
    <ClCompile Include="image\image_transform.cpp">
      <Filter>image</Filter>
    </ClCompile>
    <ClCompile Include="frame\draw_frame.cpp">
      <Filter>frame</Filter>
    </ClCompile>
  </ItemGroup>
  <ItemGroup>
    <ClInclude Include="audio\audio_mixer.h">
      <Filter>audio</Filter>
    </ClInclude>
    <ClInclude Include="audio\audio_transform.h">
      <Filter>audio</Filter>
    </ClInclude>
    <ClInclude Include="gpu\device_buffer.h">
      <Filter>gpu</Filter>
    </ClInclude>
    <ClInclude Include="gpu\host_buffer.h">
      <Filter>gpu</Filter>
    </ClInclude>
    <ClInclude Include="gpu\ogl_device.h">
      <Filter>gpu</Filter>
    </ClInclude>
    <ClInclude Include="frame\pixel_format.h">
      <Filter>frame</Filter>
    </ClInclude>
    <ClInclude Include="frame\read_frame.h">
      <Filter>frame</Filter>
    </ClInclude>
    <ClInclude Include="frame\write_frame.h">
      <Filter>frame</Filter>
    </ClInclude>
    <ClInclude Include="StdAfx.h" />
    <ClInclude Include="frame_mixer_device.h" />
    <ClInclude Include="fwd.h" />
    <ClInclude Include="image\image_transform.h">
      <Filter>image</Filter>
    </ClInclude>
    <ClInclude Include="image\image_kernel.h">
      <Filter>image</Filter>
    </ClInclude>
    <ClInclude Include="image\image_mixer.h">
      <Filter>image</Filter>
    </ClInclude>
    <ClInclude Include="frame\frame_visitor.h">
      <Filter>frame</Filter>
    </ClInclude>
    <ClInclude Include="frame\draw_frame.h">
      <Filter>frame</Filter>
    </ClInclude>
    <ClInclude Include="frame\frame_factory.h">
      <Filter>frame</Filter>
    </ClInclude>
  </ItemGroup>
</Project>