<?xml version="1.0" encoding="utf-8"?>
<Project ToolsVersion="4.0" xmlns="http://schemas.microsoft.com/developer/msbuild/2003">
  <ItemGroup>
    <Filter Include="source">
      <UniqueIdentifier>{bb2d04f1-2743-4d80-87a4-928970bb233a}</UniqueIdentifier>
    </Filter>
    <Filter Include="source\os">
      <UniqueIdentifier>{49ed2765-f23e-4a1b-9d6a-f80d510b92e1}</UniqueIdentifier>
    </Filter>
    <Filter Include="source\os\windows">
      <UniqueIdentifier>{1f3002ae-ebb8-4195-8cf3-1a5b87822f38}</UniqueIdentifier>
    </Filter>
    <Filter Include="source\gl">
      <UniqueIdentifier>{0d94bbc2-e196-4618-a90b-19392a3a0a8e}</UniqueIdentifier>
    </Filter>
    <Filter Include="source\diagnostics">
      <UniqueIdentifier>{29a29bcc-a9a0-4083-b713-c3773d18e177}</UniqueIdentifier>
    </Filter>
    <Filter Include="source\compiler">
      <UniqueIdentifier>{63471750-a430-4167-9b49-31b7a068a913}</UniqueIdentifier>
    </Filter>
    <Filter Include="source\compiler\vs">
      <UniqueIdentifier>{28c25c8a-1277-4d2c-9e85-5af33f9938ea}</UniqueIdentifier>
    </Filter>
  </ItemGroup>
  <ItemGroup>
    <ClCompile Include="diagnostics\graph.cpp">
      <Filter>source\diagnostics</Filter>
    </ClCompile>
    <ClCompile Include="stdafx.cpp" />
    <ClCompile Include="gl\gl_check.cpp">
      <Filter>source\gl</Filter>
    </ClCompile>
    <ClCompile Include="log.cpp">
      <Filter>source</Filter>
    </ClCompile>
    <ClCompile Include="page_locked_allocator.cpp">
      <Filter>source</Filter>
    </ClCompile>
    <ClCompile Include="prec_timer.cpp">
      <Filter>source</Filter>
    </ClCompile>
    <ClCompile Include="tweener.cpp">
      <Filter>source</Filter>
    </ClCompile>
    <ClCompile Include="utf.cpp">
      <Filter>source</Filter>
    </ClCompile>
    <ClCompile Include="env.cpp">
      <Filter>source</Filter>
    </ClCompile>
    <ClCompile Include="except.cpp">
      <Filter>source</Filter>
    </ClCompile>
    <ClCompile Include="compiler\vs\stack_walker.cpp">
      <Filter>source\compiler\vs</Filter>
    </ClCompile>
  </ItemGroup>
  <ItemGroup>
    <ClInclude Include="compiler\vs\disable_silly_warnings.h">
      <Filter>source\compiler\vs</Filter>
    </ClInclude>
    <ClInclude Include="gl\gl_check.h">
      <Filter>source\gl</Filter>
    </ClInclude>
    <ClInclude Include="diagnostics\graph.h">
      <Filter>source\diagnostics</Filter>
    </ClInclude>
    <ClInclude Include="stdafx.h" />
    <ClInclude Include="os\windows\current_version.h">
      <Filter>source\os\windows</Filter>
    </ClInclude>
    <ClInclude Include="os\windows\system_info.h">
      <Filter>source\os\windows</Filter>
    </ClInclude>
    <ClInclude Include="os\windows\windows.h">
      <Filter>source\os\windows</Filter>
    </ClInclude>
    <ClInclude Include="lock.h">
      <Filter>source</Filter>
    </ClInclude>
    <ClInclude Include="log.h">
      <Filter>source</Filter>
    </ClInclude>
    <ClInclude Include="memory.h">
      <Filter>source</Filter>
    </ClInclude>
    <ClInclude Include="memshfl.h">
      <Filter>source</Filter>
    </ClInclude>
    <ClInclude Include="page_locked_allocator.h">
      <Filter>source</Filter>
    </ClInclude>
    <ClInclude Include="array.h">
      <Filter>source</Filter>
    </ClInclude>
    <ClInclude Include="assert.h">
      <Filter>source</Filter>
    </ClInclude>
    <ClInclude Include="enum_class.h">
      <Filter>source</Filter>
    </ClInclude>
    <ClInclude Include="env.h">
      <Filter>source</Filter>
    </ClInclude>
    <ClInclude Include="except.h">
      <Filter>source</Filter>
    </ClInclude>
    <ClInclude Include="executor.h">
      <Filter>source</Filter>
    </ClInclude>
    <ClInclude Include="forward.h">
      <Filter>source</Filter>
    </ClInclude>
    <ClInclude Include="future.h">
      <Filter>source</Filter>
    </ClInclude>
    <ClInclude Include="param.h">
      <Filter>source</Filter>
    </ClInclude>
    <ClInclude Include="prec_timer.h">
      <Filter>source</Filter>
    </ClInclude>
    <ClInclude Include="reactive.h">
      <Filter>source</Filter>
    </ClInclude>
    <ClInclude Include="tweener.h">
      <Filter>source</Filter>
    </ClInclude>
    <ClInclude Include="utf.h">
      <Filter>source</Filter>
    </ClInclude>
    <ClInclude Include="future_fwd.h">
      <Filter>source</Filter>
    </ClInclude>
    <ClInclude Include="compiler\vs\stack_walker.h">
      <Filter>source\compiler\vs</Filter>
    </ClInclude>
    <ClInclude Include="semaphore.h">
      <Filter>source</Filter>
    </ClInclude>
    <ClInclude Include="blocking_bounded_queue_adapter.h">
      <Filter>source</Filter>
    </ClInclude>
    <ClInclude Include="blocking_priority_queue.h">
      <Filter>source</Filter>
    </ClInclude>
  </ItemGroup>
</Project>