<?xml version="1.0" encoding="utf-8"?>
<Project ToolsVersion="4.0" xmlns="http://schemas.microsoft.com/developer/msbuild/2003">
  <ItemGroup>
    <Filter Include="Source">
      <UniqueIdentifier>{4FC737F1-C7A5-4376-A066-2A32D752A2FF}</UniqueIdentifier>
      <Extensions>cpp;c;cc;cxx;def;odl;idl;hpj;bat;asm;asmx</Extensions>
    </Filter>
    <Filter Include="Source\concurrency">
      <UniqueIdentifier>{644fe2e4-1199-4a0e-8d4c-63cf1ac82f1d}</UniqueIdentifier>
    </Filter>
    <Filter Include="Source\exception">
      <UniqueIdentifier>{35ca385e-c4db-4fe7-858b-0a0bb678675f}</UniqueIdentifier>
    </Filter>
    <Filter Include="Source\image">
      <UniqueIdentifier>{77be36fb-d4c0-415c-a5be-2cbec333ecbc}</UniqueIdentifier>
    </Filter>
    <Filter Include="Source\io">
      <UniqueIdentifier>{f4b0d63f-3cb3-4ab4-a6b9-3f249204dd3f}</UniqueIdentifier>
    </Filter>
    <Filter Include="Source\log">
      <UniqueIdentifier>{3b529e9b-c729-4c8a-8166-0cb8d8030973}</UniqueIdentifier>
    </Filter>
    <Filter Include="Source\utility">
      <UniqueIdentifier>{11860e2d-8adf-4573-956b-785e59aef2b0}</UniqueIdentifier>
    </Filter>
    <Filter Include="Source\hardware">
      <UniqueIdentifier>{5115d125-61f1-4fdd-9924-0f1bdced5d27}</UniqueIdentifier>
    </Filter>
  </ItemGroup>
  <ItemGroup>
    <ClCompile Include="stdafx.cpp">
      <Filter>Source</Filter>
    </ClCompile>
    <ClCompile Include="log\log.cpp">
      <Filter>Source\log</Filter>
    </ClCompile>
    <ClCompile Include="io\SerialPort.cpp">
      <Filter>Source\io</Filter>
    </ClCompile>
    <ClCompile Include="io\SocketInfo.cpp">
      <Filter>Source\io</Filter>
    </ClCompile>
    <ClCompile Include="io\AsyncEventServer.cpp">
      <Filter>Source\io</Filter>
    </ClCompile>
    <ClCompile Include="image\copy_field.cpp">
      <Filter>Source\image</Filter>
    </ClCompile>
    <ClCompile Include="image\image.cpp">
      <Filter>Source\image</Filter>
    </ClCompile>
    <ClCompile Include="image\lerp.cpp">
      <Filter>Source\image</Filter>
    </ClCompile>
    <ClCompile Include="image\over.cpp">
      <Filter>Source\image</Filter>
    </ClCompile>
    <ClCompile Include="image\pre_multiply.cpp">
      <Filter>Source\image</Filter>
    </ClCompile>
    <ClCompile Include="image\shuffle.cpp">
      <Filter>Source\image</Filter>
    </ClCompile>
    <ClCompile Include="image\clear.cpp">
      <Filter>Source\image</Filter>
    </ClCompile>
    <ClCompile Include="image\copy.cpp">
      <Filter>Source\image</Filter>
    </ClCompile>
    <ClCompile Include="exception\win32_exception.cpp">
      <Filter>Source\exception</Filter>
    </ClCompile>
    <ClCompile Include="concurrency\Thread.cpp">
      <Filter>Source\concurrency</Filter>
    </ClCompile>
    <ClCompile Include="hardware\cpuid.cpp">
      <Filter>Source\hardware</Filter>
    </ClCompile>
    <ClCompile Include="utility\find_file.cpp">
      <Filter>Source\utility</Filter>
    </ClCompile>
  </ItemGroup>
  <ItemGroup>
    <ClInclude Include="stdafx.h">
      <Filter>Source</Filter>
    </ClInclude>
    <ClInclude Include="log\log.h">
      <Filter>Source\log</Filter>
    </ClInclude>
    <ClInclude Include="io\AsyncEventServer.h">
      <Filter>Source\io</Filter>
    </ClInclude>
    <ClInclude Include="io\ClientInfo.h">
      <Filter>Source\io</Filter>
    </ClInclude>
    <ClInclude Include="io\ProtocolStrategy.h">
      <Filter>Source\io</Filter>
    </ClInclude>
    <ClInclude Include="io\SerialPort.h">
      <Filter>Source\io</Filter>
    </ClInclude>
    <ClInclude Include="io\SocketInfo.h">
      <Filter>Source\io</Filter>
    </ClInclude>
    <ClInclude Include="image\copy.h">
      <Filter>Source\image</Filter>
    </ClInclude>
    <ClInclude Include="image\copy_field.h">
      <Filter>Source\image</Filter>
    </ClInclude>
    <ClInclude Include="image\image.h">
      <Filter>Source\image</Filter>
    </ClInclude>
    <ClInclude Include="image\lerp.h">
      <Filter>Source\image</Filter>
    </ClInclude>
    <ClInclude Include="image\over.h">
      <Filter>Source\image</Filter>
    </ClInclude>
    <ClInclude Include="image\pre_multiply.h">
      <Filter>Source\image</Filter>
    </ClInclude>
    <ClInclude Include="image\shuffle.h">
      <Filter>Source\image</Filter>
    </ClInclude>
    <ClInclude Include="image\clear.h">
      <Filter>Source\image</Filter>
    </ClInclude>
    <ClInclude Include="exception\exceptions.h">
      <Filter>Source\exception</Filter>
    </ClInclude>
    <ClInclude Include="exception\win32_exception.h">
      <Filter>Source\exception</Filter>
    </ClInclude>
    <ClInclude Include="concurrency\Thread.h">
      <Filter>Source\concurrency</Filter>
    </ClInclude>
    <ClInclude Include="concurrency\executor.h">
      <Filter>Source\concurrency</Filter>
    </ClInclude>
    <ClInclude Include="concurrency\function_task.h">
      <Filter>Source\concurrency</Filter>
    </ClInclude>
    <ClInclude Include="config.h">
      <Filter>Source</Filter>
    </ClInclude>
    <ClInclude Include="hardware\cpuid.h">
      <Filter>Source\hardware</Filter>
    </ClInclude>
    <ClInclude Include="utility\string_convert.h">
      <Filter>Source\utility</Filter>
    </ClInclude>
    <ClInclude Include="utility\types.h">
      <Filter>Source\utility</Filter>
    </ClInclude>
    <ClInclude Include="utility\scope_exit.h">
      <Filter>Source\utility</Filter>
    </ClInclude>
    <ClInclude Include="utility\find_file.h">
      <Filter>Source\utility</Filter>
    </ClInclude>
  </ItemGroup>
</Project>