<?xml version="1.0" encoding="utf-8"?>
<Project ToolsVersion="4.0" xmlns="http://schemas.microsoft.com/developer/msbuild/2003">
  <ItemGroup>
    <Filter Include="compiler">
      <UniqueIdentifier>{63471750-a430-4167-9b49-31b7a068a913}</UniqueIdentifier>
    </Filter>
    <Filter Include="compiler\vs">
      <UniqueIdentifier>{28c25c8a-1277-4d2c-9e85-5af33f9938ea}</UniqueIdentifier>
    </Filter>
    <Filter Include="concurrency">
      <UniqueIdentifier>{644fe2e4-1199-4a0e-8d4c-63cf1ac82f1d}</UniqueIdentifier>
    </Filter>
    <Filter Include="diagnostics">
      <UniqueIdentifier>{29a29bcc-a9a0-4083-b713-c3773d18e177}</UniqueIdentifier>
    </Filter>
    <Filter Include="exception">
      <UniqueIdentifier>{35ca385e-c4db-4fe7-858b-0a0bb678675f}</UniqueIdentifier>
    </Filter>
    <Filter Include="gl">
      <UniqueIdentifier>{0d94bbc2-e196-4618-a90b-19392a3a0a8e}</UniqueIdentifier>
    </Filter>
    <Filter Include="log">
      <UniqueIdentifier>{3b529e9b-c729-4c8a-8166-0cb8d8030973}</UniqueIdentifier>
    </Filter>
    <Filter Include="memory">
      <UniqueIdentifier>{9259676d-c225-4422-a50e-30d152d78dc2}</UniqueIdentifier>
    </Filter>
    <Filter Include="utility">
      <UniqueIdentifier>{11860e2d-8adf-4573-956b-785e59aef2b0}</UniqueIdentifier>
    </Filter>
  </ItemGroup>
  <ItemGroup>
    <ClCompile Include="exception\win32_exception.cpp">
      <Filter>exception</Filter>
    </ClCompile>
    <ClCompile Include="log\log.cpp">
      <Filter>log</Filter>
    </ClCompile>
    <ClCompile Include="diagnostics\graph.cpp">
      <Filter>diagnostics</Filter>
    </ClCompile>
    <ClCompile Include="env.cpp" />
    <ClCompile Include="stdafx.cpp" />
    <ClCompile Include="utility\string.cpp">
      <Filter>utility</Filter>
    </ClCompile>
  </ItemGroup>
  <ItemGroup>
    <ClInclude Include="exception\exceptions.h">
      <Filter>exception</Filter>
    </ClInclude>
    <ClInclude Include="exception\win32_exception.h">
      <Filter>exception</Filter>
    </ClInclude>
    <ClInclude Include="compiler\vs\disable_silly_warnings.h">
      <Filter>compiler\vs</Filter>
    </ClInclude>
    <ClInclude Include="concurrency\executor.h">
      <Filter>concurrency</Filter>
    </ClInclude>
    <ClInclude Include="log\log.h">
      <Filter>log</Filter>
    </ClInclude>
    <ClInclude Include="gl\gl_check.h">
      <Filter>gl</Filter>
    </ClInclude>
    <ClInclude Include="memory\page_locked_allocator.h">
      <Filter>memory</Filter>
    </ClInclude>
    <ClInclude Include="memory\safe_ptr.h">
      <Filter>memory</Filter>
    </ClInclude>
    <ClInclude Include="diagnostics\graph.h">
      <Filter>diagnostics</Filter>
    </ClInclude>
    <ClInclude Include="stdafx.h" />
    <ClInclude Include="env.h" />
    <ClInclude Include="utility\assert.h">
      <Filter>utility</Filter>
    </ClInclude>
    <ClInclude Include="utility\printer.h">
      <Filter>utility</Filter>
    </ClInclude>
    <ClInclude Include="utility\string.h">
      <Filter>utility</Filter>
    </ClInclude>
    <ClInclude Include="utility\timer.h">
      <Filter>utility</Filter>
    </ClInclude>
    <ClInclude Include="utility\tweener.h">
      <Filter>utility</Filter>
    </ClInclude>
    <ClInclude Include="object.h" />
  </ItemGroup>
</Project>