<?xml version="1.0" encoding="utf-8"?>
<Project ToolsVersion="4.0" xmlns="http://schemas.microsoft.com/developer/msbuild/2003">
  <ItemGroup>
    <Filter Include="interop">
      <UniqueIdentifier>{4f739737-1661-40dd-afc7-5cc64598f500}</UniqueIdentifier>
    </Filter>
    <Filter Include="producer">
      <UniqueIdentifier>{d33ae2d6-7928-46bb-940b-c7c76c601329}</UniqueIdentifier>
    </Filter>
  </ItemGroup>
  <ItemGroup>
    <ClCompile Include="producer\silverlight_producer.cpp">
      <Filter>producer</Filter>
    </ClCompile>
    <ClCompile Include="interop\xcpctrl_i.c">
      <Filter>interop</Filter>
    </ClCompile>
    <ClCompile Include="interop\xcpctrl_p.c">
      <Filter>interop</Filter>
    </ClCompile>
    <ClCompile Include="interop\XcpPropertyBag.cpp">
      <Filter>interop</Filter>
    </ClCompile>
    <ClCompile Include="interop\XcpControlHost.cpp">
      <Filter>interop</Filter>
    </ClCompile>
    <ClCompile Include="silverlight.cpp" />
    <ClCompile Include="StdAfx.cpp" />
  </ItemGroup>
  <ItemGroup>
    <ClInclude Include="producer\silverlight_producer.h">
      <Filter>producer</Filter>
    </ClInclude>
    <ClInclude Include="interop\xcpctrl.h">
      <Filter>interop</Filter>
    </ClInclude>
    <ClInclude Include="interop\xcpctrl_h.h">
      <Filter>interop</Filter>
    </ClInclude>
    <ClInclude Include="interop\XcpPropertyBag.h">
      <Filter>interop</Filter>
    </ClInclude>
    <ClInclude Include="interop\XcpControlHost.h">
      <Filter>interop</Filter>
    </ClInclude>
    <ClInclude Include="silverlight.h" />
    <ClInclude Include="StdAfx.h" />
  </ItemGroup>
  <ItemGroup>
    <Midl Include="interop\xcpctrl.idl">
      <Filter>interop</Filter>
    </Midl>
  </ItemGroup>
</Project>